
Microsoft Visual Studio Solution File, Format Version 12.00
# Visual Studio Version 17
VisualStudioVersion = 17.1.32319.34
MinimumVisualStudioVersion = 10.0.40219.1
Project("{FAE04EC0-301F-11D3-BF4B-00C04F79EFBC}") = "HelloCsharp", "HelloCsharp\HelloCsharp.csproj", "{5D4EA843-E138-4284-A4C2-0D330B6E2319}"
EndProject
Global
	GlobalSection(SolutionConfigurationPlatforms) = preSolution
		Debug|Any CPU = Debug|Any CPU
		Release|Any CPU = Release|Any CPU
	EndGlobalSection
	GlobalSection(ProjectConfigurationPlatforms) = postSolution
		{5D4EA843-E138-4284-A4C2-0D330B6E2319}.Debug|Any CPU.ActiveCfg = Debug|Any CPU
		{5D4EA843-E138-4284-A4C2-0D330B6E2319}.Debug|Any CPU.Build.0 = Debug|Any CPU
		{5D4EA843-E138-4284-A4C2-0D330B6E2319}.Release|Any CPU.ActiveCfg = Release|Any CPU
		{5D4EA843-E138-4284-A4C2-0D330B6E2319}.Release|Any CPU.Build.0 = Release|Any CPU
	EndGlobalSection
	GlobalSection(SolutionProperties) = preSolution
		HideSolutionNode = FALSE
	EndGlobalSection
	GlobalSection(ExtensibilityGlobals) = postSolution
		SolutionGuid = {A711F63A-8B30-4A3D-856F-893C3BCA743C}
	EndGlobalSection
EndGlobal
